<?xml version="1.0" encoding="utf-8"?>
<Project ToolsVersion="4.0" xmlns="http://schemas.microsoft.com/developer/msbuild/2003">
  <ItemGroup>
    <Filter Include="Source Files">
      <UniqueIdentifier>{4FC737F1-C7A5-4376-A066-2A32D752A2FF}</UniqueIdentifier>
      <Extensions>cpp;c;cc;cxx;def;odl;idl;hpj;bat;asm;asmx</Extensions>
    </Filter>
    <Filter Include="Header Files">
      <UniqueIdentifier>{93995380-89BD-4b04-88EB-625FBE52EBFB}</UniqueIdentifier>
      <Extensions>h;hh;hpp;hxx;hm;inl;inc;xsd</Extensions>
    </Filter>
    <Filter Include="Resource Files">
      <UniqueIdentifier>{67DA6AB6-F800-4c08-8B7A-83BB121AAD01}</UniqueIdentifier>
      <Extensions>rc;ico;cur;bmp;dlg;rc2;rct;bin;rgs;gif;jpg;jpeg;jpe;resx;tiff;tif;png;wav;mfcribbon-ms</Extensions>
    </Filter>
  </ItemGroup>
  <ItemGroup>
    <None Include="SteveBase\include\source_engine\virtual\IGameEventManager2.hpp" />
    <None Include="src\manager\translations\zh_hk.inc">
      <Filter>Header Files</Filter>
    </None>
  </ItemGroup>
  <ItemGroup>
    <ClCompile Include="vendor\vmthook\VMTHooks.cpp">
      <Filter>Source Files</Filter>
    </ClCompile>
    <ClCompile Include="vendor\imgui\dx9\imgui_impl_dx9.cpp">
      <Filter>Source Files</Filter>
    </ClCompile>
    <ClCompile Include="vendor\imgui\imgui.cpp">
      <Filter>Source Files</Filter>
    </ClCompile>
    <ClCompile Include="vendor\imgui\imgui_draw.cpp">
      <Filter>Source Files</Filter>
    </ClCompile>
    <ClCompile Include="vendor\imgui\imgui_extension.cpp">
      <Filter>Source Files</Filter>
    </ClCompile>
    <ClCompile Include="vendor\ggformat\ggformat.cc">
      <Filter>Source Files</Filter>
    </ClCompile>
    <ClCompile Include="vendor\CValveFileFormat\CValveFileFormat.cpp">
      <Filter>Source Files</Filter>
    </ClCompile>
    <ClCompile Include="src\manager\CVarManager.cpp">
      <Filter>Source Files</Filter>
    </ClCompile>
    <ClCompile Include="src\manager\DrawManager.cpp">
      <Filter>Source Files</Filter>
    </ClCompile>
    <ClCompile Include="src\manager\FontManager.cpp">
      <Filter>Source Files</Filter>
    </ClCompile>
    <ClCompile Include="src\manager\GameHookManager.cpp">
      <Filter>Source Files</Filter>
    </ClCompile>
    <ClCompile Include="src\manager\GameHookManager.Hooks.cpp">
      <Filter>Source Files</Filter>
    </ClCompile>
    <ClCompile Include="src\manager\I18NManager.cpp">
      <Filter>Source Files</Filter>
    </ClCompile>
    <ClCompile Include="src\manager\InterfaceManager.cpp">
      <Filter>Source Files</Filter>
    </ClCompile>
    <ClCompile Include="src\manager\NetVarManager.cpp">
      <Filter>Source Files</Filter>
    </ClCompile>
    <ClCompile Include="src\manager\PatternManager.cpp">
      <Filter>Source Files</Filter>
    </ClCompile>
    <ClCompile Include="src\manager\PatternManager.Patterns.cpp">
      <Filter>Source Files</Filter>
    </ClCompile>
    <ClCompile Include="src\manager\StateManager.cpp">
      <Filter>Source Files</Filter>
    </ClCompile>
    <ClCompile Include="src\manager\VariableManager.cpp">
      <Filter>Source Files</Filter>
    </ClCompile>
    <ClCompile Include="src\maths\EulerAngle.cpp">
      <Filter>Source Files</Filter>
    </ClCompile>
    <ClCompile Include="src\maths\Math.cpp">
      <Filter>Source Files</Filter>
    </ClCompile>
    <ClCompile Include="src\maths\Vector3.cpp">
      <Filter>Source Files</Filter>
    </ClCompile>
    <ClCompile Include="src\maths\ViewMatrix.cpp">
      <Filter>Source Files</Filter>
    </ClCompile>
    <ClCompile Include="src\misc\Color.cpp">
      <Filter>Source Files</Filter>
    </ClCompile>
    <ClCompile Include="src\misc\DataStructure.cpp">
      <Filter>Source Files</Filter>
    </ClCompile>
    <ClCompile Include="src\source_engine\struct\CGlowManager.cpp">
      <Filter>Source Files</Filter>
    </ClCompile>
    <ClCompile Include="src\source_engine\struct\KeyValues.cpp">
      <Filter>Source Files</Filter>
    </ClCompile>
    <ClCompile Include="src\source_engine\virtual\CBaseEntity.cpp">
      <Filter>Source Files</Filter>
    </ClCompile>
    <ClCompile Include="src\source_engine\virtual\CCSPlayer.cpp">
      <Filter>Source Files</Filter>
    </ClCompile>
    <ClCompile Include="src\source_engine\virtual\IClientEntityList.cpp">
      <Filter>Source Files</Filter>
    </ClCompile>
    <ClCompile Include="src\source_engine\virtual\IMaterialSystem.cpp">
      <Filter>Source Files</Filter>
    </ClCompile>
    <ClCompile Include="src\source_engine\virtual\ISurface.cpp">
      <Filter>Source Files</Filter>
    </ClCompile>
    <ClCompile Include="src\utility\GameUtility.cpp">
      <Filter>Source Files</Filter>
    </ClCompile>
    <ClCompile Include="src\utility\SystemUtility.cpp">
      <Filter>Source Files</Filter>
    </ClCompile>
    <ClCompile Include="src\DLLMain.cpp">
      <Filter>Source Files</Filter>
    </ClCompile>
    <ClCompile Include="src\Interface.cpp">
      <Filter>Source Files</Filter>
    </ClCompile>
    <ClCompile Include="src\Shim.cpp">
      <Filter>Source Files</Filter>
    </ClCompile>
    <ClCompile Include="src\Singleton.cpp">
      <Filter>Source Files</Filter>
    </ClCompile>
    <ClCompile Include="src\manager\InterfaceManager.CaptureInterface.cpp">
      <Filter>Source Files</Filter>
    </ClCompile>
    <ClCompile Include="src\source_engine\virtual\CBaseCombatWeapon.cpp">
      <Filter>Source Files</Filter>
    </ClCompile>
    <ClCompile Include="src\hook\esp\player\RadarSpotted.cpp">
      <Filter>Source Files</Filter>
    </ClCompile>
    <ClCompile Include="src\hook\AutoPistol.cpp">
      <Filter>Source Files</Filter>
    </ClCompile>
    <ClCompile Include="src\hook\Banner.cpp">
      <Filter>Source Files</Filter>
    </ClCompile>
    <ClCompile Include="src\hook\BunnyHop.cpp">
      <Filter>Source Files</Filter>
    </ClCompile>
    <ClCompile Include="src\hook\DebugInformation.cpp">
      <Filter>Source Files</Filter>
    </ClCompile>
    <ClCompile Include="src\hook\GlowRender.cpp">
      <Filter>Source Files</Filter>
    </ClCompile>
    <ClCompile Include="src\hook\ScopeCrosshair.cpp">
      <Filter>Source Files</Filter>
    </ClCompile>
    <ClCompile Include="src\hook\ShowRank.cpp">
      <Filter>Source Files</Filter>
    </ClCompile>
    <ClCompile Include="src\lib.cpp">
      <Filter>Source Files</Filter>
    </ClCompile>
  </ItemGroup>
  <ItemGroup>
    <ClInclude Include="vendor\pector\include\pector\enhanced_allocators.h">
      <Filter>Header Files</Filter>
    </ClInclude>
    <ClInclude Include="vendor\pector\include\pector\malloc_allocator.h">
      <Filter>Header Files</Filter>
    </ClInclude>
    <ClInclude Include="vendor\pector\include\pector\malloc_allocator_compat.h">
      <Filter>Header Files</Filter>
    </ClInclude>
    <ClInclude Include="vendor\pector\include\pector\pector.h">
      <Filter>Header Files</Filter>
    </ClInclude>
    <ClInclude Include="vendor\pector\include\pector\pector_internals.h">
      <Filter>Header Files</Filter>
    </ClInclude>
    <ClInclude Include="vendor\pector\include\pector\recommended_size.h">
      <Filter>Header Files</Filter>
    </ClInclude>
    <ClInclude Include="vendor\vmthook\VMTHooks.h">
      <Filter>Header Files</Filter>
    </ClInclude>
    <ClInclude Include="vendor\XorStr\XorStr.h">
      <Filter>Header Files</Filter>
    </ClInclude>
    <ClInclude Include="include\hook\BunnyHop.hpp">
      <Filter>Header Files</Filter>
    </ClInclude>
    <ClInclude Include="include\hook\GlowRender.hpp">
      <Filter>Header Files</Filter>
    </ClInclude>
    <ClInclude Include="include\hook\RadarSpotted.hpp">
      <Filter>Header Files</Filter>
    </ClInclude>
    <ClInclude Include="include\hook\ShowRank.hpp">
      <Filter>Header Files</Filter>
    </ClInclude>
    <ClInclude Include="include\manager\CVarManager.hpp">
      <Filter>Header Files</Filter>
    </ClInclude>
    <ClInclude Include="include\manager\DrawManager.hpp">
      <Filter>Header Files</Filter>
    </ClInclude>
    <ClInclude Include="include\manager\GameHookManager.hpp">
      <Filter>Header Files</Filter>
    </ClInclude>
    <ClInclude Include="include\manager\I18NManager.hpp">
      <Filter>Header Files</Filter>
    </ClInclude>
    <ClInclude Include="include\manager\InterfaceManager.hpp">
      <Filter>Header Files</Filter>
    </ClInclude>
    <ClInclude Include="include\manager\NetVarManager.hpp">
      <Filter>Header Files</Filter>
    </ClInclude>
    <ClInclude Include="include\manager\PatternManager.hpp">
      <Filter>Header Files</Filter>
    </ClInclude>
    <ClInclude Include="include\manager\StateManager.hpp">
      <Filter>Header Files</Filter>
    </ClInclude>
    <ClInclude Include="include\manager\VariableManager.hpp">
      <Filter>Header Files</Filter>
    </ClInclude>
    <ClInclude Include="include\maths\EulerAngle.hpp">
      <Filter>Header Files</Filter>
    </ClInclude>
    <ClInclude Include="include\maths\Random.hpp">
      <Filter>Header Files</Filter>
    </ClInclude>
    <ClInclude Include="include\maths\Vector2.hpp">
      <Filter>Header Files</Filter>
    </ClInclude>
    <ClInclude Include="include\maths\Vector3.hpp">
      <Filter>Header Files</Filter>
    </ClInclude>
    <ClInclude Include="include\maths\Vector4.hpp">
      <Filter>Header Files</Filter>
    </ClInclude>
    <ClInclude Include="include\maths\ViewMatrix.hpp">
      <Filter>Header Files</Filter>
    </ClInclude>
    <ClInclude Include="include\misc\Color.hpp">
      <Filter>Header Files</Filter>
    </ClInclude>
    <ClInclude Include="include\misc\DataStructure.hpp">
      <Filter>Header Files</Filter>
    </ClInclude>
    <ClInclude Include="include\misc\FunctionalProgramming.hpp">
      <Filter>Header Files</Filter>
    </ClInclude>
    <ClInclude Include="include\misc\ProxiedClass.hpp">
      <Filter>Header Files</Filter>
    </ClInclude>
    <ClInclude Include="include\misc\TemplateMetaprogramming.hpp">
      <Filter>Header Files</Filter>
    </ClInclude>
    <ClInclude Include="include\misc\TypeAliases.hpp">
      <Filter>Header Files</Filter>
    </ClInclude>
    <ClInclude Include="include\source_engine\def\_EngineTypes.hpp">
      <Filter>Header Files</Filter>
    </ClInclude>
    <ClInclude Include="include\source_engine\def\AttackButtonState.hpp">
      <Filter>Header Files</Filter>
    </ClInclude>
    <ClInclude Include="include\source_engine\def\ButtonCode.hpp">
      <Filter>Header Files</Filter>
    </ClInclude>
    <ClInclude Include="include\source_engine\def\ClientFrameStage.hpp">
      <Filter>Header Files</Filter>
    </ClInclude>
    <ClInclude Include="include\source_engine\def\CollisionGroup.hpp">
      <Filter>Header Files</Filter>
    </ClInclude>
    <ClInclude Include="include\source_engine\def\const.h">
      <Filter>Header Files</Filter>
    </ClInclude>
    <ClInclude Include="include\source_engine\def\EFontFlags.hpp">
      <Filter>Header Files</Filter>
    </ClInclude>
    <ClInclude Include="include\source_engine\def\FontDrawType.hpp">
      <Filter>Header Files</Filter>
    </ClInclude>
    <ClInclude Include="include\source_engine\def\FontRenderFlag.hpp">
      <Filter>Header Files</Filter>
    </ClInclude>
    <ClInclude Include="include\source_engine\def\Hitbox.hpp">
      <Filter>Header Files</Filter>
    </ClInclude>
    <ClInclude Include="include\source_engine\def\ImageFormat.hpp">
      <Filter>Header Files</Filter>
    </ClInclude>
    <ClInclude Include="include\source_engine\def\LifeState.hpp">
      <Filter>Header Files</Filter>
    </ClInclude>
    <ClInclude Include="include\source_engine\def\MaterialPropertyTypes.hpp">
      <Filter>Header Files</Filter>
    </ClInclude>
    <ClInclude Include="include\source_engine\def\MaterialVarFlags.hpp">
      <Filter>Header Files</Filter>
    </ClInclude>
    <ClInclude Include="include\source_engine\def\NetMessageGroup.hpp">
      <Filter>Header Files</Filter>
    </ClInclude>
    <ClInclude Include="include\source_engine\def\OverrideType.hpp">
      <Filter>Header Files</Filter>
    </ClInclude>
    <ClInclude Include="include\source_engine\def\SendPropType.hpp">
      <Filter>Header Files</Filter>
    </ClInclude>
    <ClInclude Include="include\source_engine\def\texture_group_names.hpp">
      <Filter>Header Files</Filter>
    </ClInclude>
    <ClInclude Include="include\source_engine\def\TraceType.hpp">
      <Filter>Header Files</Filter>
    </ClInclude>
    <ClInclude Include="include\source_engine\def\weapon_definitions.hpp">
      <Filter>Header Files</Filter>
    </ClInclude>
    <ClInclude Include="include\source_engine\struct\CClientState.hpp">
      <Filter>Header Files</Filter>
    </ClInclude>
    <ClInclude Include="include\source_engine\struct\CGameRules.hpp">
      <Filter>Header Files</Filter>
    </ClInclude>
    <ClInclude Include="include\source_engine\struct\CGameTrace.hpp">
      <Filter>Header Files</Filter>
    </ClInclude>
    <ClInclude Include="include\source_engine\struct\CGlobalVarsBase.hpp">
      <Filter>Header Files</Filter>
    </ClInclude>
    <ClInclude Include="include\source_engine\struct\CGlowManager.hpp">
      <Filter>Header Files</Filter>
    </ClInclude>
    <ClInclude Include="include\source_engine\struct\ClientClass.hpp">
      <Filter>Header Files</Filter>
    </ClInclude>
    <ClInclude Include="include\source_engine\struct\CPlayerResource.hpp">
      <Filter>Header Files</Filter>
    </ClInclude>
    <ClInclude Include="include\source_engine\struct\CRecvProxyData.hpp">
      <Filter>Header Files</Filter>
    </ClInclude>
    <ClInclude Include="include\source_engine\struct\CUserCmd.hpp">
      <Filter>Header Files</Filter>
    </ClInclude>
    <ClInclude Include="include\source_engine\struct\CUtlMemory.hpp">
      <Filter>Header Files</Filter>
    </ClInclude>
    <ClInclude Include="include\source_engine\struct\CUtlVector.hpp">
      <Filter>Header Files</Filter>
    </ClInclude>
    <ClInclude Include="include\source_engine\struct\CViewSetup.hpp">
      <Filter>Header Files</Filter>
    </ClInclude>
    <ClInclude Include="include\source_engine\struct\DrawModelState.hpp">
      <Filter>Header Files</Filter>
    </ClInclude>
    <ClInclude Include="include\source_engine\struct\DVariant.hpp">
      <Filter>Header Files</Filter>
    </ClInclude>
    <ClInclude Include="include\source_engine\struct\FontVertex.hpp">
      <Filter>Header Files</Filter>
    </ClInclude>
    <ClInclude Include="include\source_engine\struct\GlowObjectDefinition.hpp">
      <Filter>Header Files</Filter>
    </ClInclude>
    <ClInclude Include="include\source_engine\struct\InterfaceReg.hpp">
      <Filter>Header Files</Filter>
    </ClInclude>
    <ClInclude Include="include\source_engine\struct\ModelRenderInfo.hpp">
      <Filter>Header Files</Filter>
    </ClInclude>
    <ClInclude Include="include\source_engine\struct\PlayerInfo.hpp">
      <Filter>Header Files</Filter>
    </ClInclude>
    <ClInclude Include="include\source_engine\struct\Ray.hpp">
      <Filter>Header Files</Filter>
    </ClInclude>
    <ClInclude Include="include\source_engine\struct\RecvProp.hpp">
      <Filter>Header Files</Filter>
    </ClInclude>
    <ClInclude Include="include\source_engine\struct\RecvTable.hpp">
      <Filter>Header Files</Filter>
    </ClInclude>
    <ClInclude Include="include\source_engine\struct\StudioBox.hpp">
      <Filter>Header Files</Filter>
    </ClInclude>
    <ClInclude Include="include\source_engine\struct\StudioModel.hpp">
      <Filter>Header Files</Filter>
    </ClInclude>
    <ClInclude Include="include\source_engine\struct\SurfaceData.hpp">
      <Filter>Header Files</Filter>
    </ClInclude>
    <ClInclude Include="include\source_engine\virtual\CBaseEntity.hpp">
      <Filter>Header Files</Filter>
    </ClInclude>
    <ClInclude Include="include\source_engine\virtual\CCSPlayer.hpp">
      <Filter>Header Files</Filter>
    </ClInclude>
    <ClInclude Include="include\source_engine\virtual\CPlantedC4.hpp">
      <Filter>Header Files</Filter>
    </ClInclude>
    <ClInclude Include="include\source_engine\virtual\IClientModeShared.hpp">
      <Filter>Header Files</Filter>
    </ClInclude>
    <ClInclude Include="include\source_engine\virtual\IClientNetworkable.hpp">
      <Filter>Header Files</Filter>
    </ClInclude>
    <ClInclude Include="include\source_engine\virtual\IClientRenderable.hpp">
      <Filter>Header Files</Filter>
    </ClInclude>
    <ClInclude Include="include\source_engine\virtual\ICVar.hpp">
      <Filter>Header Files</Filter>
    </ClInclude>
    <ClInclude Include="include\source_engine\virtual\IEngineTrace.hpp">
      <Filter>Header Files</Filter>
    </ClInclude>
    <ClInclude Include="include\source_engine\virtual\IGameEventManager2.hpp">
      <Filter>Header Files</Filter>
    </ClInclude>
    <ClInclude Include="include\source_engine\virtual\IGameMovement.hpp">
      <Filter>Header Files</Filter>
    </ClInclude>
    <ClInclude Include="include\source_engine\virtual\IInputSystem.hpp">
      <Filter>Header Files</Filter>
    </ClInclude>
    <ClInclude Include="include\source_engine\virtual\IMaterialSystem.hpp">
      <Filter>Header Files</Filter>
    </ClInclude>
    <ClInclude Include="include\source_engine\virtual\IMoveHelper.hpp">
      <Filter>Header Files</Filter>
    </ClInclude>
    <ClInclude Include="include\source_engine\virtual\IPanel.hpp">
      <Filter>Header Files</Filter>
    </ClInclude>
    <ClInclude Include="include\source_engine\virtual\IPrediction.hpp">
      <Filter>Header Files</Filter>
    </ClInclude>
    <ClInclude Include="include\source_engine\virtual\IStudioRender.hpp">
      <Filter>Header Files</Filter>
    </ClInclude>
    <ClInclude Include="include\source_engine\virtual\ISurface.hpp">
      <Filter>Header Files</Filter>
    </ClInclude>
    <ClInclude Include="include\source_engine\virtual\ITraceFilter.hpp">
      <Filter>Header Files</Filter>
    </ClInclude>
    <ClInclude Include="include\source_engine\virtual\IVDebugOverlay.hpp">
      <Filter>Header Files</Filter>
    </ClInclude>
    <ClInclude Include="include\source_engine\virtual\IVModelInfo.hpp">
      <Filter>Header Files</Filter>
    </ClInclude>
    <ClInclude Include="include\source_engine\virtual\IVModelRender.hpp">
      <Filter>Header Files</Filter>
    </ClInclude>
    <ClInclude Include="include\utility\GameUtility.hpp">
      <Filter>Header Files</Filter>
    </ClInclude>
    <ClInclude Include="include\utility\Logger.hpp">
      <Filter>Header Files</Filter>
    </ClInclude>
    <ClInclude Include="include\utility\SmartHandle.hpp">
      <Filter>Header Files</Filter>
    </ClInclude>
    <ClInclude Include="include\utility\SmartVirtualMemory.hpp">
      <Filter>Header Files</Filter>
    </ClInclude>
    <ClInclude Include="include\utility\SystemUtility.hpp">
      <Filter>Header Files</Filter>
    </ClInclude>
    <ClInclude Include="include\utility\VirtualRAIIProtect.hpp">
      <Filter>Header Files</Filter>
    </ClInclude>
    <ClInclude Include="vendor\hash\hash.h">
      <Filter>Header Files</Filter>
    </ClInclude>
    <ClInclude Include="include\utility\Tuple.hpp">
      <Filter>Header Files</Filter>
    </ClInclude>
    <ClInclude Include="include\utility\Variant.hpp">
      <Filter>Header Files</Filter>
    </ClInclude>
    <ClInclude Include="include\utility\Optional.hpp">
      <Filter>Header Files</Filter>
    </ClInclude>
    <ClInclude Include="include\misc\IJsonSerializable.hpp">
      <Filter>Header Files</Filter>
    </ClInclude>
    <ClInclude Include="vendor\hopscotch-map-master\src\hopscotch_hash.h">
      <Filter>Header Files</Filter>
    </ClInclude>
    <ClInclude Include="vendor\hopscotch-map-master\src\hopscotch_map.h">
      <Filter>Header Files</Filter>
    </ClInclude>
    <ClInclude Include="vendor\hopscotch-map-master\src\hopscotch_sc_map.h">
      <Filter>Header Files</Filter>
    </ClInclude>
    <ClInclude Include="vendor\hopscotch-map-master\src\hopscotch_sc_set.h">
      <Filter>Header Files</Filter>
    </ClInclude>
    <ClInclude Include="vendor\hopscotch-map-master\src\hopscotch_set.h">
      <Filter>Header Files</Filter>
    </ClInclude>
    <ClInclude Include="include\source_engine\virtual\index.hpp">
      <Filter>Header Files</Filter>
    </ClInclude>
    <ClInclude Include="include\source_engine\struct\index.hpp">
      <Filter>Header Files</Filter>
    </ClInclude>
    <ClInclude Include="include\source_engine\virtual\IEngineClient.hpp">
      <Filter>Header Files</Filter>
    </ClInclude>
    <ClInclude Include="include\source_engine\virtual\IEngineVGui.hpp">
      <Filter>Header Files</Filter>
    </ClInclude>
    <ClInclude Include="include\source_engine\virtual\IClientEntityList.hpp">
      <Filter>Header Files</Filter>
    </ClInclude>
    <ClInclude Include="include\source_engine\def\index.hpp">
      <Filter>Header Files</Filter>
    </ClInclude>
    <ClInclude Include="include\source_engine\virtual\IBaseClientDLL.hpp">
      <Filter>Header Files</Filter>
    </ClInclude>
    <ClInclude Include="include\source_engine\struct\model_t.hpp">
      <Filter>Header Files</Filter>
    </ClInclude>
    <ClInclude Include="include\source_engine\index.hpp">
      <Filter>Header Files</Filter>
    </ClInclude>
    <ClInclude Include="include\hook\index.hpp">
      <Filter>Header Files</Filter>
    </ClInclude>
    <ClInclude Include="include\hook\AutoPistol.hpp">
      <Filter>Header Files</Filter>
    </ClInclude>
    <ClInclude Include="include\source_engine\virtual\IGameEventListener2.hpp">
      <Filter>Header Files</Filter>
    </ClInclude>
    <ClInclude Include="include\source_engine\virtual\IGameEvent.hpp">
      <Filter>Header Files</Filter>
    </ClInclude>
    <ClInclude Include="include\source_engine\virtual\IKeyValuesSystem.hpp">
      <Filter>Header Files</Filter>
    </ClInclude>
    <ClInclude Include="include\source_engine\struct\KeyValues.hpp">
      <Filter>Header Files</Filter>
    </ClInclude>
    <ClInclude Include="include\misc\Macro.hpp">
      <Filter>Header Files</Filter>
    </ClInclude>
    <ClInclude Include="include\source_engine\def\RenderMode.hpp">
      <Filter>Header Files</Filter>
    </ClInclude>
    <ClInclude Include="include\source_engine\def\RenderFx.hpp">
      <Filter>Header Files</Filter>
    </ClInclude>
    <ClInclude Include="include\source_engine\def\EntityEffects.hpp">
      <Filter>Header Files</Filter>
    </ClInclude>
    <ClInclude Include="include\source_engine\def\SolidType.hpp">
      <Filter>Header Files</Filter>
    </ClInclude>
    <ClInclude Include="include\source_engine\def\SolidFlags.hpp">
      <Filter>Header Files</Filter>
    </ClInclude>
    <ClInclude Include="include\source_engine\def\MoveCollide.hpp">
      <Filter>Header Files</Filter>
    </ClInclude>
    <ClInclude Include="include\source_engine\def\MoveType.hpp">
      <Filter>Header Files</Filter>
    </ClInclude>
    <ClInclude Include="include\source_engine\def\CVarFlags.hpp">
      <Filter>Header Files</Filter>
    </ClInclude>
    <ClInclude Include="include\source_engine\def\ContentFlags.hpp">
      <Filter>Header Files</Filter>
    </ClInclude>
    <ClInclude Include="include\source_engine\def\SurfaceFlags.hpp">
      <Filter>Header Files</Filter>
    </ClInclude>
    <ClInclude Include="include\source_engine\def\ContentMasks.hpp">
      <Filter>Header Files</Filter>
    </ClInclude>
    <ClInclude Include="include\source_engine\def\HitGroup.hpp">
      <Filter>Header Files</Filter>
    </ClInclude>
    <ClInclude Include="include\source_engine\def\BoneMask.hpp">
      <Filter>Header Files</Filter>
    </ClInclude>
    <ClInclude Include="include\source_engine\struct\CCSWeaponData.hpp">
      <Filter>Header Files</Filter>
    </ClInclude>
    <ClInclude Include="include\source_engine\virtual\CEconItem.hpp">
      <Filter>Header Files</Filter>
    </ClInclude>
    <ClInclude Include="include\source_engine\virtual\CBaseCombatWeapon.hpp">
      <Filter>Header Files</Filter>
    </ClInclude>
    <ClInclude Include="include\source_engine\virtual\IConVar.hpp">
      <Filter>Header Files</Filter>
    </ClInclude>
    <ClInclude Include="include\source_engine\virtual\IPhysicsSurfaceProps.hpp">
      <Filter>Header Files</Filter>
    </ClInclude>
    <ClInclude Include="include\utility\PowerDraw.hpp">
      <Filter>Header Files</Filter>
    </ClInclude>
    <ClInclude Include="include\misc\ZLib.hpp">
      <Filter>Header Files</Filter>
    </ClInclude>
    <ClInclude Include="include\assets\hitsound\hitmarker.hpp">
      <Filter>Header Files</Filter>
    </ClInclude>
    <ClInclude Include="include\assets\hitsound\quake.hpp">
      <Filter>Header Files</Filter>
    </ClInclude>
    <ClInclude Include="include\source_engine\virtual\IViewRenderBeams.hpp">
      <Filter>Header Files</Filter>
    </ClInclude>
    <ClInclude Include="include\Interface.hpp">
      <Filter>Header Files</Filter>
    </ClInclude>
    <ClInclude Include="include\Singleton.hpp">
      <Filter>Header Files</Filter>
    </ClInclude>
    <ClInclude Include="include\manager\FontManager.hpp">
      <Filter>Header Files</Filter>
    </ClInclude>
    <ClInclude Include="include\assets\IHitSound.hpp">
      <Filter>Header Files</Filter>
    </ClInclude>
    <ClInclude Include="include\assets\Fonts.hpp">
      <Filter>Header Files</Filter>
    </ClInclude>
    <ClInclude Include="include\hook\DebugInformation.hpp">
      <Filter>Header Files</Filter>
    </ClInclude>
    <ClInclude Include="include\hook\Banner.hpp">
      <Filter>Header Files</Filter>
    </ClInclude>
    <ClInclude Include="vendor\imgui\dx9\imgui_impl_dx9.h">
      <Filter>Header Files</Filter>
    </ClInclude>
    <ClInclude Include="vendor\imgui\imconfig.h">
      <Filter>Header Files</Filter>
    </ClInclude>
    <ClInclude Include="vendor\imgui\imgui.h">
      <Filter>Header Files</Filter>
    </ClInclude>
    <ClInclude Include="vendor\imgui\imgui_extension.h">
      <Filter>Header Files</Filter>
    </ClInclude>
    <ClInclude Include="vendor\imgui\imgui_internal.h">
      <Filter>Header Files</Filter>
    </ClInclude>
    <ClInclude Include="vendor\imgui\stb_textedit.h">
      <Filter>Header Files</Filter>
    </ClInclude>
    <ClInclude Include="vendor\imgui\stb_truetype.h">
      <Filter>Header Files</Filter>
    </ClInclude>
    <ClInclude Include="vendor\imgui\stb_rect_pack.h">
      <Filter>Header Files</Filter>
    </ClInclude>
    <ClInclude Include="vendor\nlohmann\json.hpp">
      <Filter>Header Files</Filter>
    </ClInclude>
    <ClInclude Include="include\maths\Math.hpp">
      <Filter>Header Files</Filter>
    </ClInclude>
    <ClInclude Include="vendor\ggformat\ggformat.h">
      <Filter>Header Files</Filter>
    </ClInclude>
    <ClInclude Include="vendor\CValveFileFormat\CValveFileFormat.hpp">
      <Filter>Header Files</Filter>
    </ClInclude>
    <ClInclude Include="src\manager\translations\en_us.inc">
      <Filter>Header Files</Filter>
    </ClInclude>
    <ClInclude Include="include\hook\ScopeCrosshair.hpp">
      <Filter>Header Files</Filter>
    </ClInclude>
    <ClInclude Include="include\misc\SpoofedConVar.hpp">
      <Filter>Header Files</Filter>
    </ClInclude>
    <ClInclude Include="include\GlobalDefines.hpp">
      <Filter>Header Files</Filter>
    </ClInclude>
  </ItemGroup>
</Project>