<?xml version="1.0" encoding="utf-8"?>
<Project ToolsVersion="4.0" xmlns="http://schemas.microsoft.com/developer/msbuild/2003">
  <ItemGroup>
    <Filter Include="Source Files">
      <UniqueIdentifier>{4FC737F1-C7A5-4376-A066-2A32D752A2FF}</UniqueIdentifier>
      <Extensions>cpp;c;cc;cxx;def;odl;idl;hpj;bat;asm;asmx</Extensions>
    </Filter>
    <Filter Include="Header Files">
      <UniqueIdentifier>{93995380-89BD-4b04-88EB-625FBE52EBFB}</UniqueIdentifier>
      <Extensions>h;hh;hpp;hxx;hm;inl;inc;xsd</Extensions>
    </Filter>
    <Filter Include="Resource Files">
      <UniqueIdentifier>{67DA6AB6-F800-4c08-8B7A-83BB121AAD01}</UniqueIdentifier>
      <Extensions>rc;ico;cur;bmp;dlg;rc2;rct;bin;rgs;gif;jpg;jpeg;jpe;resx;tiff;tif;png;wav;mfcribbon-ms</Extensions>
    </Filter>
  </ItemGroup>
  <ItemGroup>
    <ClInclude Include="vendor\bandit-master\bandit\adapters\adapter.h">
      <Filter>Header Files</Filter>
    </ClInclude>
    <ClInclude Include="vendor\bandit-master\bandit\adapters\adapters.h">
      <Filter>Header Files</Filter>
    </ClInclude>
    <ClInclude Include="vendor\bandit-master\bandit\adapters\snowhouse.h">
      <Filter>Header Files</Filter>
    </ClInclude>
    <ClInclude Include="vendor\bandit-master\bandit\external\optionparser.h">
      <Filter>Header Files</Filter>
    </ClInclude>
    <ClInclude Include="vendor\bandit-master\bandit\failure_formatters\default_failure_formatter.h">
      <Filter>Header Files</Filter>
    </ClInclude>
    <ClInclude Include="vendor\bandit-master\bandit\failure_formatters\failure_formatter.h">
      <Filter>Header Files</Filter>
    </ClInclude>
    <ClInclude Include="vendor\bandit-master\bandit\failure_formatters\failure_formatters.h">
      <Filter>Header Files</Filter>
    </ClInclude>
    <ClInclude Include="vendor\bandit-master\bandit\failure_formatters\visual_studio_failure_formatter.h">
      <Filter>Header Files</Filter>
    </ClInclude>
    <ClInclude Include="vendor\bandit-master\bandit\registration\registrar.h">
      <Filter>Header Files</Filter>
    </ClInclude>
    <ClInclude Include="vendor\bandit-master\bandit\registration\spec_registry.h">
      <Filter>Header Files</Filter>
    </ClInclude>
    <ClInclude Include="vendor\bandit-master\bandit\reporters\colored_reporter.h">
      <Filter>Header Files</Filter>
    </ClInclude>
    <ClInclude Include="vendor\bandit-master\bandit\reporters\colorizer.h">
      <Filter>Header Files</Filter>
    </ClInclude>
    <ClInclude Include="vendor\bandit-master\bandit\reporters\crash_reporter.h">
      <Filter>Header Files</Filter>
    </ClInclude>
    <ClInclude Include="vendor\bandit-master\bandit\reporters\dots_reporter.h">
      <Filter>Header Files</Filter>
    </ClInclude>
    <ClInclude Include="vendor\bandit-master\bandit\reporters\info_reporter.h">
      <Filter>Header Files</Filter>
    </ClInclude>
    <ClInclude Include="vendor\bandit-master\bandit\reporters\progress_reporter.h">
      <Filter>Header Files</Filter>
    </ClInclude>
    <ClInclude Include="vendor\bandit-master\bandit\reporters\reporters.h">
      <Filter>Header Files</Filter>
    </ClInclude>
    <ClInclude Include="vendor\bandit-master\bandit\reporters\single_line_reporter.h">
      <Filter>Header Files</Filter>
    </ClInclude>
    <ClInclude Include="vendor\bandit-master\bandit\reporters\spec_reporter.h">
      <Filter>Header Files</Filter>
    </ClInclude>
    <ClInclude Include="vendor\bandit-master\bandit\reporters\test_run_summary.h">
      <Filter>Header Files</Filter>
    </ClInclude>
    <ClInclude Include="vendor\bandit-master\bandit\reporters\xunit_reporter.h">
      <Filter>Header Files</Filter>
    </ClInclude>
    <ClInclude Include="vendor\bandit-master\bandit\run_policies\always_run_policy.h">
      <Filter>Header Files</Filter>
    </ClInclude>
    <ClInclude Include="vendor\bandit-master\bandit\run_policies\bandit_run_policy.h">
      <Filter>Header Files</Filter>
    </ClInclude>
    <ClInclude Include="vendor\bandit-master\bandit\run_policies\never_run_policy.h">
      <Filter>Header Files</Filter>
    </ClInclude>
    <ClInclude Include="vendor\bandit-master\bandit\run_policies\run_policies.h">
      <Filter>Header Files</Filter>
    </ClInclude>
    <ClInclude Include="vendor\bandit-master\bandit\run_policies\run_policy.h">
      <Filter>Header Files</Filter>
    </ClInclude>
    <ClInclude Include="vendor\bandit-master\bandit\assertion_exception.h">
      <Filter>Header Files</Filter>
    </ClInclude>
    <ClInclude Include="vendor\bandit-master\bandit\bandit.h">
      <Filter>Header Files</Filter>
    </ClInclude>
    <ClInclude Include="vendor\bandit-master\bandit\context.h">
      <Filter>Header Files</Filter>
    </ClInclude>
    <ClInclude Include="vendor\bandit-master\bandit\filter_chain.h">
      <Filter>Header Files</Filter>
    </ClInclude>
    <ClInclude Include="vendor\bandit-master\bandit\grammar.h">
      <Filter>Header Files</Filter>
    </ClInclude>
    <ClInclude Include="vendor\bandit-master\bandit\listener.h">
      <Filter>Header Files</Filter>
    </ClInclude>
    <ClInclude Include="vendor\bandit-master\bandit\options.h">
      <Filter>Header Files</Filter>
    </ClInclude>
    <ClInclude Include="vendor\bandit-master\bandit\runner.h">
      <Filter>Header Files</Filter>
    </ClInclude>
    <ClInclude Include="vendor\bandit-master\bandit\test_run_error.h">
      <Filter>Header Files</Filter>
    </ClInclude>
    <ClInclude Include="vendor\bandit-master\bandit\types.h">
      <Filter>Header Files</Filter>
    </ClInclude>
    <ClInclude Include="vendor\bandit-master\bandit\version.h">
      <Filter>Header Files</Filter>
    </ClInclude>
    <ClInclude Include="vendor\fmt\container.h">
      <Filter>Header Files</Filter>
    </ClInclude>
    <ClInclude Include="vendor\fmt\format.h">
      <Filter>Header Files</Filter>
    </ClInclude>
    <ClInclude Include="vendor\fmt\ostream.h">
      <Filter>Header Files</Filter>
    </ClInclude>
    <ClInclude Include="vendor\fmt\posix.h">
      <Filter>Header Files</Filter>
    </ClInclude>
    <ClInclude Include="vendor\fmt\printf.h">
      <Filter>Header Files</Filter>
    </ClInclude>
    <ClInclude Include="vendor\fmt\string.h">
      <Filter>Header Files</Filter>
    </ClInclude>
    <ClInclude Include="vendor\fmt\time.h">
      <Filter>Header Files</Filter>
    </ClInclude>
    <ClInclude Include="testSuite.hpp">
      <Filter>Header Files</Filter>
    </ClInclude>
  </ItemGroup>
  <ItemGroup>
    <ClCompile Include="main.cpp">
      <Filter>Source Files</Filter>
    </ClCompile>
    <ClCompile Include="..\SteveBase\src\maths\EulerAngle.cpp">
      <Filter>Source Files</Filter>
    </ClCompile>
    <ClCompile Include="..\SteveBase\src\maths\Vector3.cpp">
      <Filter>Source Files</Filter>
    </ClCompile>
    <ClCompile Include="..\SteveBase\src\maths\ViewMatrix.cpp">
      <Filter>Source Files</Filter>
    </ClCompile>
    <ClCompile Include="vendor\fmt\format.cc">
      <Filter>Source Files</Filter>
    </ClCompile>
    <ClCompile Include="vendor\fmt\ostream.cc">
      <Filter>Source Files</Filter>
    </ClCompile>
    <ClCompile Include="vendor\fmt\posix.cc">
      <Filter>Source Files</Filter>
    </ClCompile>
    <ClCompile Include="vendor\fmt\printf.cc">
      <Filter>Source Files</Filter>
    </ClCompile>
    <ClCompile Include="tests\Vector3\Plus\PlusBasicTest.cpp">
      <Filter>Source Files</Filter>
    </ClCompile>
    <ClCompile Include="tests\Vector3\Plus\PlusAdvancedTest.cpp">
      <Filter>Source Files</Filter>
    </ClCompile>
    <ClCompile Include="tests\Vector3\Minus\MinusBasicTest.cpp">
      <Filter>Source Files</Filter>
    </ClCompile>
    <ClCompile Include="tests\Vector3\Minus\MinusAdvancedTest.cpp">
      <Filter>Source Files</Filter>
    </ClCompile>
  </ItemGroup>
</Project>